
Microsoft Visual Studio Solution File, Format Version 12.00
# Visual Studio 15
VisualStudioVersion = 15.0.26430.6
MinimumVisualStudioVersion = 10.0.40219.1
Project("{8BC9CEB8-8B4A-11D0-8D11-00A0C91BC942}") = "Variables", "Variables\Variables.vcxproj", "{F864C339-B58E-4DA8-90FC-7D62CE937CFE}"
EndProject
Project("{8BC9CEB8-8B4A-11D0-8D11-00A0C91BC942}") = "Strings", "Strings\Strings.vcxproj", "{68DAE614-BC4D-485C-AA1C-85D596E7E378}"
EndProject
Project("{8BC9CEB8-8B4A-11D0-8D11-00A0C91BC942}") = "UserInput", "UserInput\UserInput.vcxproj", "{3EB6D11D-1755-42E1-BCCA-4E7D106F66DE}"
EndProject
Project("{8BC9CEB8-8B4A-11D0-8D11-00A0C91BC942}") = "IntegerTypes", "IntegerTypes\IntegerTypes.vcxproj", "{AB081451-6D5A-4616-9F34-D7537F936834}"
EndProject
Project("{8BC9CEB8-8B4A-11D0-8D11-00A0C91BC942}") = "FloatingPointTypes", "FloatingPointTypes\FloatingPointTypes.vcxproj", "{D47BA404-E370-48E0-825F-0BE9E43822ED}"
EndProject
Project("{8BC9CEB8-8B4A-11D0-8D11-00A0C91BC942}") = "OtherTypes", "OtherTypes\OtherTypes.vcxproj", "{DFA64935-5DD6-4272-89C2-D212563A77C3}"
EndProject
Project("{8BC9CEB8-8B4A-11D0-8D11-00A0C91BC942}") = "IfMe", "IfMe\IfMe.vcxproj", "{5D889AD1-B8BC-4925-BAE5-F217D318C014}"
EndProject
Project("{8BC9CEB8-8B4A-11D0-8D11-00A0C91BC942}") = "ComparingFloats", "ComparingFloats\ComparingFloats.vcxproj", "{B6A1CA8C-F328-4185-A3AC-C9D3B2CC78D1}"
EndProject
Project("{8BC9CEB8-8B4A-11D0-8D11-00A0C91BC942}") = "Conditions", "Conditions\Conditions.vcxproj", "{A319756E-0D85-4927-B6B3-650FE5356EEA}"
EndProject
Project("{8BC9CEB8-8B4A-11D0-8D11-00A0C91BC942}") = "WhileLoops", "WhileLoops\WhileLoops.vcxproj", "{E27CBAB7-ABB2-42EC-887C-4583ECD9EBCC}"
EndProject
Project("{8BC9CEB8-8B4A-11D0-8D11-00A0C91BC942}") = "ForLoops", "ForLoops\ForLoops.vcxproj", "{6F171010-F00E-4577-A2E4-11532EF0915D}"
EndProject
Project("{8BC9CEB8-8B4A-11D0-8D11-00A0C91BC942}") = "BreakContinue", "BreakContinue\BreakContinue.vcxproj", "{A06E50B0-C6A4-4CFE-87F0-2751423DDD16}"
EndProject
Project("{8BC9CEB8-8B4A-11D0-8D11-00A0C91BC942}") = "Arrays", "Arrays\Arrays.vcxproj", "{35DE1052-C5B8-462C-9C3E-A7F12D85A051}"
EndProject
Project("{8BC9CEB8-8B4A-11D0-8D11-00A0C91BC942}") = "TwelveTimesTwelve", "TwelveTimesTwelve\TwelveTimesTwelve.vcxproj", "{B3245F15-4C97-42DF-84BB-E64CA246BDF3}"
EndProject
Project("{8BC9CEB8-8B4A-11D0-8D11-00A0C91BC942}") = "SizeOf", "SizeOf\SizeOf.vcxproj", "{F7BD9F87-B467-4C28-B056-47D0527BBCB0}"
EndProject
Project("{8BC9CEB8-8B4A-11D0-8D11-00A0C91BC942}") = "SwitchMe", "SwitchMe\SwitchMe.vcxproj", "{77A2F8FC-3431-442B-B783-B8147C9B6B28}"
EndProject
Project("{8BC9CEB8-8B4A-11D0-8D11-00A0C91BC942}") = "Functions", "Functions\Functions.vcxproj", "{9DF8DD1F-2E5B-46AF-8619-E1AD27D1891A}"
EndProject
Project("{8BC9CEB8-8B4A-11D0-8D11-00A0C91BC942}") = "ReturnValues", "ReturnValues\ReturnValues.vcxproj", "{595465F0-C20E-487E-9978-3CCABC9F282E}"
EndProject
Project("{8BC9CEB8-8B4A-11D0-8D11-00A0C91BC942}") = "FunctionInValues", "FunctionInValues\FunctionInValues.vcxproj", "{5B1B68B5-ED32-4AA5-AC15-F0C0E293E44C}"
EndProject
Project("{8BC9CEB8-8B4A-11D0-8D11-00A0C91BC942}") = "Classes", "Classes\Classes.vcxproj", "{7B511AAB-DEC0-4BF3-A776-DB5EECB5A496}"
EndProject
Project("{8BC9CEB8-8B4A-11D0-8D11-00A0C91BC942}") = "DataMembers", "DataMembers\DataMembers.vcxproj", "{918F60F9-64F0-45FA-A54D-DC1638F23EE0}"
EndProject
Project("{8BC9CEB8-8B4A-11D0-8D11-00A0C91BC942}") = "ConstuctDestruct", "ConstuctDestruct\ConstuctDestruct.vcxproj", "{E587287E-3460-49F0-A77A-8340E6E3B23A}"
EndProject
Project("{8BC9CEB8-8B4A-11D0-8D11-00A0C91BC942}") = "GettersSetters", "GettersSetters\GettersSetters.vcxproj", "{364ABE07-A05D-4C83-BBC0-F2C2349965B8}"
EndProject
Project("{8BC9CEB8-8B4A-11D0-8D11-00A0C91BC942}") = "StringStreams", "StringStreams\StringStreams.vcxproj", "{3E88815F-CAC2-49F5-B1D7-53A5CAFA5E73}"
EndProject
Project("{8BC9CEB8-8B4A-11D0-8D11-00A0C91BC942}") = "ConstructorOverloading", "ConstructorOverloading\ConstructorOverloading.vcxproj", "{50B442F2-E068-421D-A950-41660612C061}"
EndProject
Project("{8BC9CEB8-8B4A-11D0-8D11-00A0C91BC942}") = "ThisKeyword", "ThisKeyword\ThisKeyword.vcxproj", "{38E0526D-05F7-45B6-98D1-A57668A1CF77}"
EndProject
Project("{8BC9CEB8-8B4A-11D0-8D11-00A0C91BC942}") = "ConstructorInitLists", "ConstructorInitLists\ConstructorInitLists.vcxproj", "{025C1646-DD6B-4FAF-9FA2-6D2980F81E01}"
EndProject
Project("{8BC9CEB8-8B4A-11D0-8D11-00A0C91BC942}") = "Pointers", "Pointers\Pointers.vcxproj", "{F35CA1EA-70B9-4238-A8FD-991C2DC45798}"
EndProject
Project("{8BC9CEB8-8B4A-11D0-8D11-00A0C91BC942}") = "Arithmetic", "Arithmetic\Arithmetic.vcxproj", "{EE766346-0CF2-4C2F-9ACC-8F6A6ADC33FE}"
EndProject
Project("{8BC9CEB8-8B4A-11D0-8D11-00A0C91BC942}") = "ConvertSeconds", "ConvertSeconds\ConvertSeconds.vcxproj", "{490560A4-0252-40D8-BE26-FB9B5A3CD6BA}"
EndProject
Project("{8BC9CEB8-8B4A-11D0-8D11-00A0C91BC942}") = "PointersAndArrays", "PointersAndArrays\PointersAndArrays.vcxproj", "{7C2C0D68-DF9A-432A-8309-C0A336CF4D99}"
EndProject
Project("{8BC9CEB8-8B4A-11D0-8D11-00A0C91BC942}") = "CharArrays", "CharArrays\CharArrays.vcxproj", "{32323FF8-E9A1-4E53-967B-4C5969A1A60B}"
EndProject
Global
	GlobalSection(SolutionConfigurationPlatforms) = preSolution
		Debug|x64 = Debug|x64
		Debug|x86 = Debug|x86
		Release|x64 = Release|x64
		Release|x86 = Release|x86
	EndGlobalSection
	GlobalSection(ProjectConfigurationPlatforms) = postSolution
		{F864C339-B58E-4DA8-90FC-7D62CE937CFE}.Debug|x64.ActiveCfg = Debug|x64
		{F864C339-B58E-4DA8-90FC-7D62CE937CFE}.Debug|x64.Build.0 = Debug|x64
		{F864C339-B58E-4DA8-90FC-7D62CE937CFE}.Debug|x86.ActiveCfg = Debug|Win32
		{F864C339-B58E-4DA8-90FC-7D62CE937CFE}.Debug|x86.Build.0 = Debug|Win32
		{F864C339-B58E-4DA8-90FC-7D62CE937CFE}.Release|x64.ActiveCfg = Release|x64
		{F864C339-B58E-4DA8-90FC-7D62CE937CFE}.Release|x64.Build.0 = Release|x64
		{F864C339-B58E-4DA8-90FC-7D62CE937CFE}.Release|x86.ActiveCfg = Release|Win32
		{F864C339-B58E-4DA8-90FC-7D62CE937CFE}.Release|x86.Build.0 = Release|Win32
		{68DAE614-BC4D-485C-AA1C-85D596E7E378}.Debug|x64.ActiveCfg = Debug|x64
		{68DAE614-BC4D-485C-AA1C-85D596E7E378}.Debug|x64.Build.0 = Debug|x64
		{68DAE614-BC4D-485C-AA1C-85D596E7E378}.Debug|x86.ActiveCfg = Debug|Win32
		{68DAE614-BC4D-485C-AA1C-85D596E7E378}.Debug|x86.Build.0 = Debug|Win32
		{68DAE614-BC4D-485C-AA1C-85D596E7E378}.Release|x64.ActiveCfg = Release|x64
		{68DAE614-BC4D-485C-AA1C-85D596E7E378}.Release|x64.Build.0 = Release|x64
		{68DAE614-BC4D-485C-AA1C-85D596E7E378}.Release|x86.ActiveCfg = Release|Win32
		{68DAE614-BC4D-485C-AA1C-85D596E7E378}.Release|x86.Build.0 = Release|Win32
		{3EB6D11D-1755-42E1-BCCA-4E7D106F66DE}.Debug|x64.ActiveCfg = Debug|x64
		{3EB6D11D-1755-42E1-BCCA-4E7D106F66DE}.Debug|x64.Build.0 = Debug|x64
		{3EB6D11D-1755-42E1-BCCA-4E7D106F66DE}.Debug|x86.ActiveCfg = Debug|Win32
		{3EB6D11D-1755-42E1-BCCA-4E7D106F66DE}.Debug|x86.Build.0 = Debug|Win32
		{3EB6D11D-1755-42E1-BCCA-4E7D106F66DE}.Release|x64.ActiveCfg = Release|x64
		{3EB6D11D-1755-42E1-BCCA-4E7D106F66DE}.Release|x64.Build.0 = Release|x64
		{3EB6D11D-1755-42E1-BCCA-4E7D106F66DE}.Release|x86.ActiveCfg = Release|Win32
		{3EB6D11D-1755-42E1-BCCA-4E7D106F66DE}.Release|x86.Build.0 = Release|Win32
		{AB081451-6D5A-4616-9F34-D7537F936834}.Debug|x64.ActiveCfg = Debug|x64
		{AB081451-6D5A-4616-9F34-D7537F936834}.Debug|x64.Build.0 = Debug|x64
		{AB081451-6D5A-4616-9F34-D7537F936834}.Debug|x86.ActiveCfg = Debug|Win32
		{AB081451-6D5A-4616-9F34-D7537F936834}.Debug|x86.Build.0 = Debug|Win32
		{AB081451-6D5A-4616-9F34-D7537F936834}.Release|x64.ActiveCfg = Release|x64
		{AB081451-6D5A-4616-9F34-D7537F936834}.Release|x64.Build.0 = Release|x64
		{AB081451-6D5A-4616-9F34-D7537F936834}.Release|x86.ActiveCfg = Release|Win32
		{AB081451-6D5A-4616-9F34-D7537F936834}.Release|x86.Build.0 = Release|Win32
		{D47BA404-E370-48E0-825F-0BE9E43822ED}.Debug|x64.ActiveCfg = Debug|x64
		{D47BA404-E370-48E0-825F-0BE9E43822ED}.Debug|x64.Build.0 = Debug|x64
		{D47BA404-E370-48E0-825F-0BE9E43822ED}.Debug|x86.ActiveCfg = Debug|Win32
		{D47BA404-E370-48E0-825F-0BE9E43822ED}.Debug|x86.Build.0 = Debug|Win32
		{D47BA404-E370-48E0-825F-0BE9E43822ED}.Release|x64.ActiveCfg = Release|x64
		{D47BA404-E370-48E0-825F-0BE9E43822ED}.Release|x64.Build.0 = Release|x64
		{D47BA404-E370-48E0-825F-0BE9E43822ED}.Release|x86.ActiveCfg = Release|Win32
		{D47BA404-E370-48E0-825F-0BE9E43822ED}.Release|x86.Build.0 = Release|Win32
		{DFA64935-5DD6-4272-89C2-D212563A77C3}.Debug|x64.ActiveCfg = Debug|x64
		{DFA64935-5DD6-4272-89C2-D212563A77C3}.Debug|x64.Build.0 = Debug|x64
		{DFA64935-5DD6-4272-89C2-D212563A77C3}.Debug|x86.ActiveCfg = Debug|Win32
		{DFA64935-5DD6-4272-89C2-D212563A77C3}.Debug|x86.Build.0 = Debug|Win32
		{DFA64935-5DD6-4272-89C2-D212563A77C3}.Release|x64.ActiveCfg = Release|x64
		{DFA64935-5DD6-4272-89C2-D212563A77C3}.Release|x64.Build.0 = Release|x64
		{DFA64935-5DD6-4272-89C2-D212563A77C3}.Release|x86.ActiveCfg = Release|Win32
		{DFA64935-5DD6-4272-89C2-D212563A77C3}.Release|x86.Build.0 = Release|Win32
		{5D889AD1-B8BC-4925-BAE5-F217D318C014}.Debug|x64.ActiveCfg = Debug|x64
		{5D889AD1-B8BC-4925-BAE5-F217D318C014}.Debug|x64.Build.0 = Debug|x64
		{5D889AD1-B8BC-4925-BAE5-F217D318C014}.Debug|x86.ActiveCfg = Debug|Win32
		{5D889AD1-B8BC-4925-BAE5-F217D318C014}.Debug|x86.Build.0 = Debug|Win32
		{5D889AD1-B8BC-4925-BAE5-F217D318C014}.Release|x64.ActiveCfg = Release|x64
		{5D889AD1-B8BC-4925-BAE5-F217D318C014}.Release|x64.Build.0 = Release|x64
		{5D889AD1-B8BC-4925-BAE5-F217D318C014}.Release|x86.ActiveCfg = Release|Win32
		{5D889AD1-B8BC-4925-BAE5-F217D318C014}.Release|x86.Build.0 = Release|Win32
		{B6A1CA8C-F328-4185-A3AC-C9D3B2CC78D1}.Debug|x64.ActiveCfg = Debug|x64
		{B6A1CA8C-F328-4185-A3AC-C9D3B2CC78D1}.Debug|x64.Build.0 = Debug|x64
		{B6A1CA8C-F328-4185-A3AC-C9D3B2CC78D1}.Debug|x86.ActiveCfg = Debug|Win32
		{B6A1CA8C-F328-4185-A3AC-C9D3B2CC78D1}.Debug|x86.Build.0 = Debug|Win32
		{B6A1CA8C-F328-4185-A3AC-C9D3B2CC78D1}.Release|x64.ActiveCfg = Release|x64
		{B6A1CA8C-F328-4185-A3AC-C9D3B2CC78D1}.Release|x64.Build.0 = Release|x64
		{B6A1CA8C-F328-4185-A3AC-C9D3B2CC78D1}.Release|x86.ActiveCfg = Release|Win32
		{B6A1CA8C-F328-4185-A3AC-C9D3B2CC78D1}.Release|x86.Build.0 = Release|Win32
		{A319756E-0D85-4927-B6B3-650FE5356EEA}.Debug|x64.ActiveCfg = Debug|x64
		{A319756E-0D85-4927-B6B3-650FE5356EEA}.Debug|x64.Build.0 = Debug|x64
		{A319756E-0D85-4927-B6B3-650FE5356EEA}.Debug|x86.ActiveCfg = Debug|Win32
		{A319756E-0D85-4927-B6B3-650FE5356EEA}.Debug|x86.Build.0 = Debug|Win32
		{A319756E-0D85-4927-B6B3-650FE5356EEA}.Release|x64.ActiveCfg = Release|x64
		{A319756E-0D85-4927-B6B3-650FE5356EEA}.Release|x64.Build.0 = Release|x64
		{A319756E-0D85-4927-B6B3-650FE5356EEA}.Release|x86.ActiveCfg = Release|Win32
		{A319756E-0D85-4927-B6B3-650FE5356EEA}.Release|x86.Build.0 = Release|Win32
		{E27CBAB7-ABB2-42EC-887C-4583ECD9EBCC}.Debug|x64.ActiveCfg = Debug|x64
		{E27CBAB7-ABB2-42EC-887C-4583ECD9EBCC}.Debug|x64.Build.0 = Debug|x64
		{E27CBAB7-ABB2-42EC-887C-4583ECD9EBCC}.Debug|x86.ActiveCfg = Debug|Win32
		{E27CBAB7-ABB2-42EC-887C-4583ECD9EBCC}.Debug|x86.Build.0 = Debug|Win32
		{E27CBAB7-ABB2-42EC-887C-4583ECD9EBCC}.Release|x64.ActiveCfg = Release|x64
		{E27CBAB7-ABB2-42EC-887C-4583ECD9EBCC}.Release|x64.Build.0 = Release|x64
		{E27CBAB7-ABB2-42EC-887C-4583ECD9EBCC}.Release|x86.ActiveCfg = Release|Win32
		{E27CBAB7-ABB2-42EC-887C-4583ECD9EBCC}.Release|x86.Build.0 = Release|Win32
		{6F171010-F00E-4577-A2E4-11532EF0915D}.Debug|x64.ActiveCfg = Debug|x64
		{6F171010-F00E-4577-A2E4-11532EF0915D}.Debug|x64.Build.0 = Debug|x64
		{6F171010-F00E-4577-A2E4-11532EF0915D}.Debug|x86.ActiveCfg = Debug|Win32
		{6F171010-F00E-4577-A2E4-11532EF0915D}.Debug|x86.Build.0 = Debug|Win32
		{6F171010-F00E-4577-A2E4-11532EF0915D}.Release|x64.ActiveCfg = Release|x64
		{6F171010-F00E-4577-A2E4-11532EF0915D}.Release|x64.Build.0 = Release|x64
		{6F171010-F00E-4577-A2E4-11532EF0915D}.Release|x86.ActiveCfg = Release|Win32
		{6F171010-F00E-4577-A2E4-11532EF0915D}.Release|x86.Build.0 = Release|Win32
		{A06E50B0-C6A4-4CFE-87F0-2751423DDD16}.Debug|x64.ActiveCfg = Debug|x64
		{A06E50B0-C6A4-4CFE-87F0-2751423DDD16}.Debug|x64.Build.0 = Debug|x64
		{A06E50B0-C6A4-4CFE-87F0-2751423DDD16}.Debug|x86.ActiveCfg = Debug|Win32
		{A06E50B0-C6A4-4CFE-87F0-2751423DDD16}.Debug|x86.Build.0 = Debug|Win32
		{A06E50B0-C6A4-4CFE-87F0-2751423DDD16}.Release|x64.ActiveCfg = Release|x64
		{A06E50B0-C6A4-4CFE-87F0-2751423DDD16}.Release|x64.Build.0 = Release|x64
		{A06E50B0-C6A4-4CFE-87F0-2751423DDD16}.Release|x86.ActiveCfg = Release|Win32
		{A06E50B0-C6A4-4CFE-87F0-2751423DDD16}.Release|x86.Build.0 = Release|Win32
		{35DE1052-C5B8-462C-9C3E-A7F12D85A051}.Debug|x64.ActiveCfg = Debug|x64
		{35DE1052-C5B8-462C-9C3E-A7F12D85A051}.Debug|x64.Build.0 = Debug|x64
		{35DE1052-C5B8-462C-9C3E-A7F12D85A051}.Debug|x86.ActiveCfg = Debug|Win32
		{35DE1052-C5B8-462C-9C3E-A7F12D85A051}.Debug|x86.Build.0 = Debug|Win32
		{35DE1052-C5B8-462C-9C3E-A7F12D85A051}.Release|x64.ActiveCfg = Release|x64
		{35DE1052-C5B8-462C-9C3E-A7F12D85A051}.Release|x64.Build.0 = Release|x64
		{35DE1052-C5B8-462C-9C3E-A7F12D85A051}.Release|x86.ActiveCfg = Release|Win32
		{35DE1052-C5B8-462C-9C3E-A7F12D85A051}.Release|x86.Build.0 = Release|Win32
		{B3245F15-4C97-42DF-84BB-E64CA246BDF3}.Debug|x64.ActiveCfg = Debug|x64
		{B3245F15-4C97-42DF-84BB-E64CA246BDF3}.Debug|x64.Build.0 = Debug|x64
		{B3245F15-4C97-42DF-84BB-E64CA246BDF3}.Debug|x86.ActiveCfg = Debug|Win32
		{B3245F15-4C97-42DF-84BB-E64CA246BDF3}.Debug|x86.Build.0 = Debug|Win32
		{B3245F15-4C97-42DF-84BB-E64CA246BDF3}.Release|x64.ActiveCfg = Release|x64
		{B3245F15-4C97-42DF-84BB-E64CA246BDF3}.Release|x64.Build.0 = Release|x64
		{B3245F15-4C97-42DF-84BB-E64CA246BDF3}.Release|x86.ActiveCfg = Release|Win32
		{B3245F15-4C97-42DF-84BB-E64CA246BDF3}.Release|x86.Build.0 = Release|Win32
		{F7BD9F87-B467-4C28-B056-47D0527BBCB0}.Debug|x64.ActiveCfg = Debug|x64
		{F7BD9F87-B467-4C28-B056-47D0527BBCB0}.Debug|x64.Build.0 = Debug|x64
		{F7BD9F87-B467-4C28-B056-47D0527BBCB0}.Debug|x86.ActiveCfg = Debug|Win32
		{F7BD9F87-B467-4C28-B056-47D0527BBCB0}.Debug|x86.Build.0 = Debug|Win32
		{F7BD9F87-B467-4C28-B056-47D0527BBCB0}.Release|x64.ActiveCfg = Release|x64
		{F7BD9F87-B467-4C28-B056-47D0527BBCB0}.Release|x64.Build.0 = Release|x64
		{F7BD9F87-B467-4C28-B056-47D0527BBCB0}.Release|x86.ActiveCfg = Release|Win32
		{F7BD9F87-B467-4C28-B056-47D0527BBCB0}.Release|x86.Build.0 = Release|Win32
		{77A2F8FC-3431-442B-B783-B8147C9B6B28}.Debug|x64.ActiveCfg = Debug|x64
		{77A2F8FC-3431-442B-B783-B8147C9B6B28}.Debug|x64.Build.0 = Debug|x64
		{77A2F8FC-3431-442B-B783-B8147C9B6B28}.Debug|x86.ActiveCfg = Debug|Win32
		{77A2F8FC-3431-442B-B783-B8147C9B6B28}.Debug|x86.Build.0 = Debug|Win32
		{77A2F8FC-3431-442B-B783-B8147C9B6B28}.Release|x64.ActiveCfg = Release|x64
		{77A2F8FC-3431-442B-B783-B8147C9B6B28}.Release|x64.Build.0 = Release|x64
		{77A2F8FC-3431-442B-B783-B8147C9B6B28}.Release|x86.ActiveCfg = Release|Win32
		{77A2F8FC-3431-442B-B783-B8147C9B6B28}.Release|x86.Build.0 = Release|Win32
		{9DF8DD1F-2E5B-46AF-8619-E1AD27D1891A}.Debug|x64.ActiveCfg = Debug|x64
		{9DF8DD1F-2E5B-46AF-8619-E1AD27D1891A}.Debug|x64.Build.0 = Debug|x64
		{9DF8DD1F-2E5B-46AF-8619-E1AD27D1891A}.Debug|x86.ActiveCfg = Debug|Win32
		{9DF8DD1F-2E5B-46AF-8619-E1AD27D1891A}.Debug|x86.Build.0 = Debug|Win32
		{9DF8DD1F-2E5B-46AF-8619-E1AD27D1891A}.Release|x64.ActiveCfg = Release|x64
		{9DF8DD1F-2E5B-46AF-8619-E1AD27D1891A}.Release|x64.Build.0 = Release|x64
		{9DF8DD1F-2E5B-46AF-8619-E1AD27D1891A}.Release|x86.ActiveCfg = Release|Win32
		{9DF8DD1F-2E5B-46AF-8619-E1AD27D1891A}.Release|x86.Build.0 = Release|Win32
		{595465F0-C20E-487E-9978-3CCABC9F282E}.Debug|x64.ActiveCfg = Debug|x64
		{595465F0-C20E-487E-9978-3CCABC9F282E}.Debug|x64.Build.0 = Debug|x64
		{595465F0-C20E-487E-9978-3CCABC9F282E}.Debug|x86.ActiveCfg = Debug|Win32
		{595465F0-C20E-487E-9978-3CCABC9F282E}.Debug|x86.Build.0 = Debug|Win32
		{595465F0-C20E-487E-9978-3CCABC9F282E}.Release|x64.ActiveCfg = Release|x64
		{595465F0-C20E-487E-9978-3CCABC9F282E}.Release|x64.Build.0 = Release|x64
		{595465F0-C20E-487E-9978-3CCABC9F282E}.Release|x86.ActiveCfg = Release|Win32
		{595465F0-C20E-487E-9978-3CCABC9F282E}.Release|x86.Build.0 = Release|Win32
		{5B1B68B5-ED32-4AA5-AC15-F0C0E293E44C}.Debug|x64.ActiveCfg = Debug|x64
		{5B1B68B5-ED32-4AA5-AC15-F0C0E293E44C}.Debug|x64.Build.0 = Debug|x64
		{5B1B68B5-ED32-4AA5-AC15-F0C0E293E44C}.Debug|x86.ActiveCfg = Debug|Win32
		{5B1B68B5-ED32-4AA5-AC15-F0C0E293E44C}.Debug|x86.Build.0 = Debug|Win32
		{5B1B68B5-ED32-4AA5-AC15-F0C0E293E44C}.Release|x64.ActiveCfg = Release|x64
		{5B1B68B5-ED32-4AA5-AC15-F0C0E293E44C}.Release|x64.Build.0 = Release|x64
		{5B1B68B5-ED32-4AA5-AC15-F0C0E293E44C}.Release|x86.ActiveCfg = Release|Win32
		{5B1B68B5-ED32-4AA5-AC15-F0C0E293E44C}.Release|x86.Build.0 = Release|Win32
		{7B511AAB-DEC0-4BF3-A776-DB5EECB5A496}.Debug|x64.ActiveCfg = Debug|x64
		{7B511AAB-DEC0-4BF3-A776-DB5EECB5A496}.Debug|x64.Build.0 = Debug|x64
		{7B511AAB-DEC0-4BF3-A776-DB5EECB5A496}.Debug|x86.ActiveCfg = Debug|Win32
		{7B511AAB-DEC0-4BF3-A776-DB5EECB5A496}.Debug|x86.Build.0 = Debug|Win32
		{7B511AAB-DEC0-4BF3-A776-DB5EECB5A496}.Release|x64.ActiveCfg = Release|x64
		{7B511AAB-DEC0-4BF3-A776-DB5EECB5A496}.Release|x64.Build.0 = Release|x64
		{7B511AAB-DEC0-4BF3-A776-DB5EECB5A496}.Release|x86.ActiveCfg = Release|Win32
		{7B511AAB-DEC0-4BF3-A776-DB5EECB5A496}.Release|x86.Build.0 = Release|Win32
		{918F60F9-64F0-45FA-A54D-DC1638F23EE0}.Debug|x64.ActiveCfg = Debug|x64
		{918F60F9-64F0-45FA-A54D-DC1638F23EE0}.Debug|x64.Build.0 = Debug|x64
		{918F60F9-64F0-45FA-A54D-DC1638F23EE0}.Debug|x86.ActiveCfg = Debug|Win32
		{918F60F9-64F0-45FA-A54D-DC1638F23EE0}.Debug|x86.Build.0 = Debug|Win32
		{918F60F9-64F0-45FA-A54D-DC1638F23EE0}.Release|x64.ActiveCfg = Release|x64
		{918F60F9-64F0-45FA-A54D-DC1638F23EE0}.Release|x64.Build.0 = Release|x64
		{918F60F9-64F0-45FA-A54D-DC1638F23EE0}.Release|x86.ActiveCfg = Release|Win32
		{918F60F9-64F0-45FA-A54D-DC1638F23EE0}.Release|x86.Build.0 = Release|Win32
		{E587287E-3460-49F0-A77A-8340E6E3B23A}.Debug|x64.ActiveCfg = Debug|x64
		{E587287E-3460-49F0-A77A-8340E6E3B23A}.Debug|x64.Build.0 = Debug|x64
		{E587287E-3460-49F0-A77A-8340E6E3B23A}.Debug|x86.ActiveCfg = Debug|Win32
		{E587287E-3460-49F0-A77A-8340E6E3B23A}.Debug|x86.Build.0 = Debug|Win32
		{E587287E-3460-49F0-A77A-8340E6E3B23A}.Release|x64.ActiveCfg = Release|x64
		{E587287E-3460-49F0-A77A-8340E6E3B23A}.Release|x64.Build.0 = Release|x64
		{E587287E-3460-49F0-A77A-8340E6E3B23A}.Release|x86.ActiveCfg = Release|Win32
		{E587287E-3460-49F0-A77A-8340E6E3B23A}.Release|x86.Build.0 = Release|Win32
		{364ABE07-A05D-4C83-BBC0-F2C2349965B8}.Debug|x64.ActiveCfg = Debug|x64
		{364ABE07-A05D-4C83-BBC0-F2C2349965B8}.Debug|x64.Build.0 = Debug|x64
		{364ABE07-A05D-4C83-BBC0-F2C2349965B8}.Debug|x86.ActiveCfg = Debug|Win32
		{364ABE07-A05D-4C83-BBC0-F2C2349965B8}.Debug|x86.Build.0 = Debug|Win32
		{364ABE07-A05D-4C83-BBC0-F2C2349965B8}.Release|x64.ActiveCfg = Release|x64
		{364ABE07-A05D-4C83-BBC0-F2C2349965B8}.Release|x64.Build.0 = Release|x64
		{364ABE07-A05D-4C83-BBC0-F2C2349965B8}.Release|x86.ActiveCfg = Release|Win32
		{364ABE07-A05D-4C83-BBC0-F2C2349965B8}.Release|x86.Build.0 = Release|Win32
		{3E88815F-CAC2-49F5-B1D7-53A5CAFA5E73}.Debug|x64.ActiveCfg = Debug|x64
		{3E88815F-CAC2-49F5-B1D7-53A5CAFA5E73}.Debug|x64.Build.0 = Debug|x64
		{3E88815F-CAC2-49F5-B1D7-53A5CAFA5E73}.Debug|x86.ActiveCfg = Debug|Win32
		{3E88815F-CAC2-49F5-B1D7-53A5CAFA5E73}.Debug|x86.Build.0 = Debug|Win32
		{3E88815F-CAC2-49F5-B1D7-53A5CAFA5E73}.Release|x64.ActiveCfg = Release|x64
		{3E88815F-CAC2-49F5-B1D7-53A5CAFA5E73}.Release|x64.Build.0 = Release|x64
		{3E88815F-CAC2-49F5-B1D7-53A5CAFA5E73}.Release|x86.ActiveCfg = Release|Win32
		{3E88815F-CAC2-49F5-B1D7-53A5CAFA5E73}.Release|x86.Build.0 = Release|Win32
		{50B442F2-E068-421D-A950-41660612C061}.Debug|x64.ActiveCfg = Debug|x64
		{50B442F2-E068-421D-A950-41660612C061}.Debug|x64.Build.0 = Debug|x64
		{50B442F2-E068-421D-A950-41660612C061}.Debug|x86.ActiveCfg = Debug|Win32
		{50B442F2-E068-421D-A950-41660612C061}.Debug|x86.Build.0 = Debug|Win32
		{50B442F2-E068-421D-A950-41660612C061}.Release|x64.ActiveCfg = Release|x64
		{50B442F2-E068-421D-A950-41660612C061}.Release|x64.Build.0 = Release|x64
		{50B442F2-E068-421D-A950-41660612C061}.Release|x86.ActiveCfg = Release|Win32
		{50B442F2-E068-421D-A950-41660612C061}.Release|x86.Build.0 = Release|Win32
		{38E0526D-05F7-45B6-98D1-A57668A1CF77}.Debug|x64.ActiveCfg = Debug|x64
		{38E0526D-05F7-45B6-98D1-A57668A1CF77}.Debug|x64.Build.0 = Debug|x64
		{38E0526D-05F7-45B6-98D1-A57668A1CF77}.Debug|x86.ActiveCfg = Debug|Win32
		{38E0526D-05F7-45B6-98D1-A57668A1CF77}.Debug|x86.Build.0 = Debug|Win32
		{38E0526D-05F7-45B6-98D1-A57668A1CF77}.Release|x64.ActiveCfg = Release|x64
		{38E0526D-05F7-45B6-98D1-A57668A1CF77}.Release|x64.Build.0 = Release|x64
		{38E0526D-05F7-45B6-98D1-A57668A1CF77}.Release|x86.ActiveCfg = Release|Win32
		{38E0526D-05F7-45B6-98D1-A57668A1CF77}.Release|x86.Build.0 = Release|Win32
		{025C1646-DD6B-4FAF-9FA2-6D2980F81E01}.Debug|x64.ActiveCfg = Debug|x64
		{025C1646-DD6B-4FAF-9FA2-6D2980F81E01}.Debug|x64.Build.0 = Debug|x64
		{025C1646-DD6B-4FAF-9FA2-6D2980F81E01}.Debug|x86.ActiveCfg = Debug|Win32
		{025C1646-DD6B-4FAF-9FA2-6D2980F81E01}.Debug|x86.Build.0 = Debug|Win32
		{025C1646-DD6B-4FAF-9FA2-6D2980F81E01}.Release|x64.ActiveCfg = Release|x64
		{025C1646-DD6B-4FAF-9FA2-6D2980F81E01}.Release|x64.Build.0 = Release|x64
		{025C1646-DD6B-4FAF-9FA2-6D2980F81E01}.Release|x86.ActiveCfg = Release|Win32
		{025C1646-DD6B-4FAF-9FA2-6D2980F81E01}.Release|x86.Build.0 = Release|Win32
		{F35CA1EA-70B9-4238-A8FD-991C2DC45798}.Debug|x64.ActiveCfg = Debug|x64
		{F35CA1EA-70B9-4238-A8FD-991C2DC45798}.Debug|x64.Build.0 = Debug|x64
		{F35CA1EA-70B9-4238-A8FD-991C2DC45798}.Debug|x86.ActiveCfg = Debug|Win32
		{F35CA1EA-70B9-4238-A8FD-991C2DC45798}.Debug|x86.Build.0 = Debug|Win32
		{F35CA1EA-70B9-4238-A8FD-991C2DC45798}.Release|x64.ActiveCfg = Release|x64
		{F35CA1EA-70B9-4238-A8FD-991C2DC45798}.Release|x64.Build.0 = Release|x64
		{F35CA1EA-70B9-4238-A8FD-991C2DC45798}.Release|x86.ActiveCfg = Release|Win32
		{F35CA1EA-70B9-4238-A8FD-991C2DC45798}.Release|x86.Build.0 = Release|Win32
		{EE766346-0CF2-4C2F-9ACC-8F6A6ADC33FE}.Debug|x64.ActiveCfg = Debug|x64
		{EE766346-0CF2-4C2F-9ACC-8F6A6ADC33FE}.Debug|x64.Build.0 = Debug|x64
		{EE766346-0CF2-4C2F-9ACC-8F6A6ADC33FE}.Debug|x86.ActiveCfg = Debug|Win32
		{EE766346-0CF2-4C2F-9ACC-8F6A6ADC33FE}.Debug|x86.Build.0 = Debug|Win32
		{EE766346-0CF2-4C2F-9ACC-8F6A6ADC33FE}.Release|x64.ActiveCfg = Release|x64
		{EE766346-0CF2-4C2F-9ACC-8F6A6ADC33FE}.Release|x64.Build.0 = Release|x64
		{EE766346-0CF2-4C2F-9ACC-8F6A6ADC33FE}.Release|x86.ActiveCfg = Release|Win32
		{EE766346-0CF2-4C2F-9ACC-8F6A6ADC33FE}.Release|x86.Build.0 = Release|Win32
		{490560A4-0252-40D8-BE26-FB9B5A3CD6BA}.Debug|x64.ActiveCfg = Debug|x64
		{490560A4-0252-40D8-BE26-FB9B5A3CD6BA}.Debug|x64.Build.0 = Debug|x64
		{490560A4-0252-40D8-BE26-FB9B5A3CD6BA}.Debug|x86.ActiveCfg = Debug|Win32
		{490560A4-0252-40D8-BE26-FB9B5A3CD6BA}.Debug|x86.Build.0 = Debug|Win32
		{490560A4-0252-40D8-BE26-FB9B5A3CD6BA}.Release|x64.ActiveCfg = Release|x64
		{490560A4-0252-40D8-BE26-FB9B5A3CD6BA}.Release|x64.Build.0 = Release|x64
		{490560A4-0252-40D8-BE26-FB9B5A3CD6BA}.Release|x86.ActiveCfg = Release|Win32
		{490560A4-0252-40D8-BE26-FB9B5A3CD6BA}.Release|x86.Build.0 = Release|Win32
		{7C2C0D68-DF9A-432A-8309-C0A336CF4D99}.Debug|x64.ActiveCfg = Debug|x64
		{7C2C0D68-DF9A-432A-8309-C0A336CF4D99}.Debug|x64.Build.0 = Debug|x64
		{7C2C0D68-DF9A-432A-8309-C0A336CF4D99}.Debug|x86.ActiveCfg = Debug|Win32
		{7C2C0D68-DF9A-432A-8309-C0A336CF4D99}.Debug|x86.Build.0 = Debug|Win32
		{7C2C0D68-DF9A-432A-8309-C0A336CF4D99}.Release|x64.ActiveCfg = Release|x64
		{7C2C0D68-DF9A-432A-8309-C0A336CF4D99}.Release|x64.Build.0 = Release|x64
		{7C2C0D68-DF9A-432A-8309-C0A336CF4D99}.Release|x86.ActiveCfg = Release|Win32
		{7C2C0D68-DF9A-432A-8309-C0A336CF4D99}.Release|x86.Build.0 = Release|Win32
		{32323FF8-E9A1-4E53-967B-4C5969A1A60B}.Debug|x64.ActiveCfg = Debug|x64
		{32323FF8-E9A1-4E53-967B-4C5969A1A60B}.Debug|x64.Build.0 = Debug|x64
		{32323FF8-E9A1-4E53-967B-4C5969A1A60B}.Debug|x86.ActiveCfg = Debug|Win32
		{32323FF8-E9A1-4E53-967B-4C5969A1A60B}.Debug|x86.Build.0 = Debug|Win32
		{32323FF8-E9A1-4E53-967B-4C5969A1A60B}.Release|x64.ActiveCfg = Release|x64
		{32323FF8-E9A1-4E53-967B-4C5969A1A60B}.Release|x64.Build.0 = Release|x64
		{32323FF8-E9A1-4E53-967B-4C5969A1A60B}.Release|x86.ActiveCfg = Release|Win32
		{32323FF8-E9A1-4E53-967B-4C5969A1A60B}.Release|x86.Build.0 = Release|Win32
	EndGlobalSection
	GlobalSection(SolutionProperties) = preSolution
		HideSolutionNode = FALSE
	EndGlobalSection
EndGlobal
